
Microsoft Visual Studio Solution File, Format Version 12.00
# Visual Studio Version 17
VisualStudioVersion = 17.7.34202.233
MinimumVisualStudioVersion = 10.0.40219.1
Project("{FAE04EC0-301F-11D3-BF4B-00C04F79EFBC}") = "VolunteeringApp.PL", "VolunteeringApp.PL\VolunteeringApp.PL.csproj", "{01A00A5E-DBD7-4316-B118-44DE5656A954}"
EndProject
Project("{FAE04EC0-301F-11D3-BF4B-00C04F79EFBC}") = "VolunteeringApp.DLL", "VolunteeringApp.DLL\VolunteeringApp.DLL.csproj", "{C7199992-559F-4359-836B-A8C9F0723DA8}"
EndProject
Project("{FAE04EC0-301F-11D3-BF4B-00C04F79EFBC}") = "VolunteeringApp.BLL", "VolunteeringApp.BLL\VolunteeringApp.BLL.csproj", "{62CE1C75-DA1F-41F6-91C1-DC579C3CCE16}"
EndProject
Global
	GlobalSection(SolutionConfigurationPlatforms) = preSolution
		Debug|Any CPU = Debug|Any CPU
		Release|Any CPU = Release|Any CPU
	EndGlobalSection
	GlobalSection(ProjectConfigurationPlatforms) = postSolution
		{01A00A5E-DBD7-4316-B118-44DE5656A954}.Debug|Any CPU.ActiveCfg = Debug|Any CPU
		{01A00A5E-DBD7-4316-B118-44DE5656A954}.Debug|Any CPU.Build.0 = Debug|Any CPU
		{01A00A5E-DBD7-4316-B118-44DE5656A954}.Release|Any CPU.ActiveCfg = Release|Any CPU
		{01A00A5E-DBD7-4316-B118-44DE5656A954}.Release|Any CPU.Build.0 = Release|Any CPU
		{C7199992-559F-4359-836B-A8C9F0723DA8}.Debug|Any CPU.ActiveCfg = Debug|Any CPU
		{C7199992-559F-4359-836B-A8C9F0723DA8}.Debug|Any CPU.Build.0 = Debug|Any CPU
		{C7199992-559F-4359-836B-A8C9F0723DA8}.Release|Any CPU.ActiveCfg = Release|Any CPU
		{C7199992-559F-4359-836B-A8C9F0723DA8}.Release|Any CPU.Build.0 = Release|Any CPU
		{62CE1C75-DA1F-41F6-91C1-DC579C3CCE16}.Debug|Any CPU.ActiveCfg = Debug|Any CPU
		{62CE1C75-DA1F-41F6-91C1-DC579C3CCE16}.Debug|Any CPU.Build.0 = Debug|Any CPU
		{62CE1C75-DA1F-41F6-91C1-DC579C3CCE16}.Release|Any CPU.ActiveCfg = Release|Any CPU
		{62CE1C75-DA1F-41F6-91C1-DC579C3CCE16}.Release|Any CPU.Build.0 = Release|Any CPU
	EndGlobalSection
	GlobalSection(SolutionProperties) = preSolution
		HideSolutionNode = FALSE
	EndGlobalSection
	GlobalSection(ExtensibilityGlobals) = postSolution
		SolutionGuid = {0AA04E63-EB0A-4437-A46F-EF7DACA3D0A8}
	EndGlobalSection
EndGlobal
